
Microsoft Visual Studio Solution File, Format Version 12.00
# Visual Studio Version 16
VisualStudioVersion = 16.0.30204.135
MinimumVisualStudioVersion = 10.0.40219.1
Project("{FAE04EC0-301F-11D3-BF4B-00C04F79EFBC}") = "MSP_Exam", "MSP_Exam\MSP_Exam.csproj", "{A5640B1B-73FC-4627-B7A8-D99AAE4869F0}"
EndProject
Global
	GlobalSection(SolutionConfigurationPlatforms) = preSolution
		Debug|Any CPU = Debug|Any CPU
		Release|Any CPU = Release|Any CPU
	EndGlobalSection
	GlobalSection(ProjectConfigurationPlatforms) = postSolution
		{A5640B1B-73FC-4627-B7A8-D99AAE4869F0}.Debug|Any CPU.ActiveCfg = Debug|Any CPU
		{A5640B1B-73FC-4627-B7A8-D99AAE4869F0}.Debug|Any CPU.Build.0 = Debug|Any CPU
		{A5640B1B-73FC-4627-B7A8-D99AAE4869F0}.Release|Any CPU.ActiveCfg = Release|Any CPU
		{A5640B1B-73FC-4627-B7A8-D99AAE4869F0}.Release|Any CPU.Build.0 = Release|Any CPU
	EndGlobalSection
	GlobalSection(SolutionProperties) = preSolution
		HideSolutionNode = FALSE
	EndGlobalSection
	GlobalSection(ExtensibilityGlobals) = postSolution
		SolutionGuid = {D602303A-16B7-4182-B43E-798240618CEB}
	EndGlobalSection
EndGlobal
